
Microsoft Visual Studio Solution File, Format Version 12.00
# Visual Studio Version 16
VisualStudioVersion = 16.0.29503.13
MinimumVisualStudioVersion = 10.0.40219.1
Project("{FAE04EC0-301F-11D3-BF4B-00C04F79EFBC}") = "Safewhere.Samples.SameSiteHttpModule", "Safewhere.Samples.SameSiteHttpModule\Safewhere.Samples.SameSiteHttpModule.csproj", "{4BFA4537-FDC0-48E5-A0DA-98389BF6DAAC}"
EndProject
Global
	GlobalSection(SolutionConfigurationPlatforms) = preSolution
		Debug|Any CPU = Debug|Any CPU
		Release|Any CPU = Release|Any CPU
	EndGlobalSection
	GlobalSection(ProjectConfigurationPlatforms) = postSolution
		{4BFA4537-FDC0-48E5-A0DA-98389BF6DAAC}.Debug|Any CPU.ActiveCfg = Debug|Any CPU
		{4BFA4537-FDC0-48E5-A0DA-98389BF6DAAC}.Debug|Any CPU.Build.0 = Debug|Any CPU
		{4BFA4537-FDC0-48E5-A0DA-98389BF6DAAC}.Release|Any CPU.ActiveCfg = Release|Any CPU
		{4BFA4537-FDC0-48E5-A0DA-98389BF6DAAC}.Release|Any CPU.Build.0 = Release|Any CPU
	EndGlobalSection
	GlobalSection(SolutionProperties) = preSolution
		HideSolutionNode = FALSE
	EndGlobalSection
	GlobalSection(ExtensibilityGlobals) = postSolution
		SolutionGuid = {CC0FEF6F-21C6-41EA-987C-A2219E0B485C}
	EndGlobalSection
EndGlobal
